// !$*UTF8*$!
{
	archiveVersion = 1;
	classes = {
	};
	objectVersion = 46;
	objects = {

/* Begin PBXBuildFile section */
		27D0C8241387AD5F009519C3 /* UIKit.framework in Frameworks */ = {isa = PBXBuildFile; fileRef = 27D0C8231387AD5F009519C3 /* UIKit.framework */; };
		27D0C8261387AD5F009519C3 /* Foundation.framework in Frameworks */ = {isa = PBXBuildFile; fileRef = 27D0C8251387AD5F009519C3 /* Foundation.framework */; };
		27D0C8281387AD5F009519C3 /* CoreGraphics.framework in Frameworks */ = {isa = PBXBuildFile; fileRef = 27D0C8271387AD5F009519C3 /* CoreGraphics.framework */; };
		27D0C82E1387AD5F009519C3 /* InfoPlist.strings in Resources */ = {isa = PBXBuildFile; fileRef = 27D0C82C1387AD5F009519C3 /* InfoPlist.strings */; };
		27D0C8311387AD5F009519C3 /* main.m in Sources */ = {isa = PBXBuildFile; fileRef = 27D0C8301387AD5F009519C3 /* main.m */; };
		27D0C8341387AD5F009519C3 /* PsychologistAppDelegate.m in Sources */ = {isa = PBXBuildFile; fileRef = 27D0C8331387AD5F009519C3 /* PsychologistAppDelegate.m */; };
		27D0C8371387AD60009519C3 /* MainWindow.xib in Resources */ = {isa = PBXBuildFile; fileRef = 27D0C8351387AD60009519C3 /* MainWindow.xib */; };
		27D0C8481387AEAC009519C3 /* HappinessViewController.m in Sources */ = {isa = PBXBuildFile; fileRef = 27D0C8461387AEAC009519C3 /* HappinessViewController.m */; };
		27D0C8491387AEAC009519C3 /* HappinessViewController.xib in Resources */ = {isa = PBXBuildFile; fileRef = 27D0C8471387AEAC009519C3 /* HappinessViewController.xib */; };
		27D0C84C1387AEFF009519C3 /* FaceView.m in Sources */ = {isa = PBXBuildFile; fileRef = 27D0C84B1387AEFF009519C3 /* FaceView.m */; };
		27D0C8551387AFB8009519C3 /* PsychologistViewController.m in Sources */ = {isa = PBXBuildFile; fileRef = 27D0C8531387AFB8009519C3 /* PsychologistViewController.m */; };
		27D0C8561387AFB8009519C3 /* PsychologistViewController.xib in Resources */ = {isa = PBXBuildFile; fileRef = 27D0C8541387AFB8009519C3 /* PsychologistViewController.xib */; };
/* End PBXBuildFile section */

/* Begin PBXFileReference section */
		27D0C81F1387AD5F009519C3 /* Psychologist.app */ = {isa = PBXFileReference; explicitFileType = wrapper.application; includeInIndex = 0; path = Psychologist.app; sourceTree = BUILT_PRODUCTS_DIR; };
		27D0C8231387AD5F009519C3 /* UIKit.framework */ = {isa = PBXFileReference; lastKnownFileType = wrapper.framework; name = UIKit.framework; path = System/Library/Frameworks/UIKit.framework; sourceTree = SDKROOT; };
		27D0C8251387AD5F009519C3 /* Foundation.framework */ = {isa = PBXFileReference; lastKnownFileType = wrapper.framework; name = Foundation.framework; path = System/Library/Frameworks/Foundation.framework; sourceTree = SDKROOT; };
		27D0C8271387AD5F009519C3 /* CoreGraphics.framework */ = {isa = PBXFileReference; lastKnownFileType = wrapper.framework; name = CoreGraphics.framework; path = System/Library/Frameworks/CoreGraphics.framework; sourceTree = SDKROOT; };
		27D0C82B1387AD5F009519C3 /* Psychologist-Info.plist */ = {isa = PBXFileReference; lastKnownFileType = text.plist.xml; path = "Psychologist-Info.plist"; sourceTree = "<group>"; };
		27D0C82D1387AD5F009519C3 /* en */ = {isa = PBXFileReference; lastKnownFileType = text.plist.strings; name = en; path = en.lproj/InfoPlist.strings; sourceTree = "<group>"; };
		27D0C82F1387AD5F009519C3 /* Psychologist-Prefix.pch */ = {isa = PBXFileReference; lastKnownFileType = sourcecode.c.h; path = "Psychologist-Prefix.pch"; sourceTree = "<group>"; };
		27D0C8301387AD5F009519C3 /* main.m */ = {isa = PBXFileReference; lastKnownFileType = sourcecode.c.objc; path = main.m; sourceTree = "<group>"; };
		27D0C8321387AD5F009519C3 /* PsychologistAppDelegate.h */ = {isa = PBXFileReference; lastKnownFileType = sourcecode.c.h; path = PsychologistAppDelegate.h; sourceTree = "<group>"; };
		27D0C8331387AD5F009519C3 /* PsychologistAppDelegate.m */ = {isa = PBXFileReference; lastKnownFileType = sourcecode.c.objc; path = PsychologistAppDelegate.m; sourceTree = "<group>"; };
		27D0C8361387AD60009519C3 /* en */ = {isa = PBXFileReference; lastKnownFileType = file.xib; name = en; path = en.lproj/MainWindow.xib; sourceTree = "<group>"; };
		27D0C8451387AEAC009519C3 /* HappinessViewController.h */ = {isa = PBXFileReference; fileEncoding = 4; lastKnownFileType = sourcecode.c.h; path = HappinessViewController.h; sourceTree = "<group>"; };
		27D0C8461387AEAC009519C3 /* HappinessViewController.m */ = {isa = PBXFileReference; fileEncoding = 4; lastKnownFileType = sourcecode.c.objc; path = HappinessViewController.m; sourceTree = "<group>"; };
		27D0C8471387AEAC009519C3 /* HappinessViewController.xib */ = {isa = PBXFileReference; fileEncoding = 4; lastKnownFileType = file.xib; path = HappinessViewController.xib; sourceTree = "<group>"; };
		27D0C84A1387AEFF009519C3 /* FaceView.h */ = {isa = PBXFileReference; fileEncoding = 4; lastKnownFileType = sourcecode.c.h; path = FaceView.h; sourceTree = "<group>"; };
		27D0C84B1387AEFF009519C3 /* FaceView.m */ = {isa = PBXFileReference; fileEncoding = 4; lastKnownFileType = sourcecode.c.objc; path = FaceView.m; sourceTree = "<group>"; };
		27D0C8521387AFB8009519C3 /* PsychologistViewController.h */ = {isa = PBXFileReference; fileEncoding = 4; lastKnownFileType = sourcecode.c.h; name = PsychologistViewController.h; path = Psychologist.xcodeproj/PsychologistViewController.h; sourceTree = SOURCE_ROOT; };
		27D0C8531387AFB8009519C3 /* PsychologistViewController.m */ = {isa = PBXFileReference; fileEncoding = 4; lastKnownFileType = sourcecode.c.objc; name = PsychologistViewController.m; path = Psychologist.xcodeproj/PsychologistViewController.m; sourceTree = SOURCE_ROOT; };
		27D0C8541387AFB8009519C3 /* PsychologistViewController.xib */ = {isa = PBXFileReference; fileEncoding = 4; lastKnownFileType = file.xib; name = PsychologistViewController.xib; path = Psychologist.xcodeproj/PsychologistViewController.xib; sourceTree = SOURCE_ROOT; };
/* End PBXFileReference section */

/* Begin PBXFrameworksBuildPhase section */
		27D0C81C1387AD5F009519C3 /* Frameworks */ = {
			isa = PBXFrameworksBuildPhase;
			buildActionMask = 2147483647;
			files = (
				27D0C8241387AD5F009519C3 /* UIKit.framework in Frameworks */,
				27D0C8261387AD5F009519C3 /* Foundation.framework in Frameworks */,
				27D0C8281387AD5F009519C3 /* CoreGraphics.framework in Frameworks */,
			);
			runOnlyForDeploymentPostprocessing = 0;
		};
/* End PBXFrameworksBuildPhase section */

/* Begin PBXGroup section */
		27D0C8141387AD5F009519C3 = {
			isa = PBXGroup;
			children = (
				27D0C8291387AD5F009519C3 /* Psychologist */,
				27D0C8221387AD5F009519C3 /* Frameworks */,
				27D0C8201387AD5F009519C3 /* Products */,
			);
			sourceTree = "<group>";
		};
		27D0C8201387AD5F009519C3 /* Products */ = {
			isa = PBXGroup;
			children = (
				27D0C81F1387AD5F009519C3 /* Psychologist.app */,
			);
			name = Products;
			sourceTree = "<group>";
		};
		27D0C8221387AD5F009519C3 /* Frameworks */ = {
			isa = PBXGroup;
			children = (
				27D0C8231387AD5F009519C3 /* UIKit.framework */,
				27D0C8251387AD5F009519C3 /* Foundation.framework */,
				27D0C8271387AD5F009519C3 /* CoreGraphics.framework */,
			);
			name = Frameworks;
			sourceTree = "<group>";
		};
		27D0C8291387AD5F009519C3 /* Psychologist */ = {
			isa = PBXGroup;
			children = (
				27D0C84A1387AEFF009519C3 /* FaceView.h */,
				27D0C84B1387AEFF009519C3 /* FaceView.m */,
				27D0C8451387AEAC009519C3 /* HappinessViewController.h */,
				27D0C8461387AEAC009519C3 /* HappinessViewController.m */,
				27D0C8471387AEAC009519C3 /* HappinessViewController.xib */,
				27D0C8321387AD5F009519C3 /* PsychologistAppDelegate.h */,
				27D0C8331387AD5F009519C3 /* PsychologistAppDelegate.m */,
				27D0C8521387AFB8009519C3 /* PsychologistViewController.h */,
				27D0C8531387AFB8009519C3 /* PsychologistViewController.m */,
				27D0C8541387AFB8009519C3 /* PsychologistViewController.xib */,
				27D0C8351387AD60009519C3 /* MainWindow.xib */,
				27D0C82A1387AD5F009519C3 /* Supporting Files */,
			);
			path = Psychologist;
			sourceTree = "<group>";
		};
		27D0C82A1387AD5F009519C3 /* Supporting Files */ = {
			isa = PBXGroup;
			children = (
				27D0C82B1387AD5F009519C3 /* Psychologist-Info.plist */,
				27D0C82C1387AD5F009519C3 /* InfoPlist.strings */,
				27D0C82F1387AD5F009519C3 /* Psychologist-Prefix.pch */,
				27D0C8301387AD5F009519C3 /* main.m */,
			);
			name = "Supporting Files";
			sourceTree = "<group>";
		};
/* End PBXGroup section */

/* Begin PBXNativeTarget section */
		27D0C81E1387AD5F009519C3 /* Psychologist */ = {
			isa = PBXNativeTarget;
			buildConfigurationList = 27D0C83A1387AD60009519C3 /* Build configuration list for PBXNativeTarget "Psychologist" */;
			buildPhases = (
				27D0C81B1387AD5F009519C3 /* Sources */,
				27D0C81C1387AD5F009519C3 /* Frameworks */,
				27D0C81D1387AD5F009519C3 /* Resources */,
			);
			buildRules = (
			);
			dependencies = (
			);
			name = Psychologist;
			productName = Psychologist;
			productReference = 27D0C81F1387AD5F009519C3 /* Psychologist.app */;
			productType = "com.apple.product-type.application";
		};
/* End PBXNativeTarget section */

/* Begin PBXProject section */
		27D0C8161387AD5F009519C3 /* Project object */ = {
			isa = PBXProject;
			attributes = {
				ORGANIZATIONNAME = "Mike Goodspeed";
			};
			buildConfigurationList = 27D0C8191387AD5F009519C3 /* Build configuration list for PBXProject "Psychologist" */;
			compatibilityVersion = "Xcode 3.2";
			developmentRegion = English;
			hasScannedForEncodings = 0;
			knownRegions = (
				en,
			);
			mainGroup = 27D0C8141387AD5F009519C3;
			productRefGroup = 27D0C8201387AD5F009519C3 /* Products */;
			projectDirPath = "";
			projectRoot = "";
			targets = (
				27D0C81E1387AD5F009519C3 /* Psychologist */,
			);
		};
/* End PBXProject section */

/* Begin PBXResourcesBuildPhase section */
		27D0C81D1387AD5F009519C3 /* Resources */ = {
			isa = PBXResourcesBuildPhase;
			buildActionMask = 2147483647;
			files = (
				27D0C82E1387AD5F009519C3 /* InfoPlist.strings in Resources */,
				27D0C8371387AD60009519C3 /* MainWindow.xib in Resources */,
				27D0C8491387AEAC009519C3 /* HappinessViewController.xib in Resources */,
				27D0C8561387AFB8009519C3 /* PsychologistViewController.xib in Resources */,
			);
			runOnlyForDeploymentPostprocessing = 0;
		};
/* End PBXResourcesBuildPhase section */

/* Begin PBXSourcesBuildPhase section */
		27D0C81B1387AD5F009519C3 /* Sources */ = {
			isa = PBXSourcesBuildPhase;
			buildActionMask = 2147483647;
			files = (
				27D0C8311387AD5F009519C3 /* main.m in Sources */,
				27D0C8341387AD5F009519C3 /* PsychologistAppDelegate.m in Sources */,
				27D0C8481387AEAC009519C3 /* HappinessViewController.m in Sources */,
				27D0C84C1387AEFF009519C3 /* FaceView.m in Sources */,
				27D0C8551387AFB8009519C3 /* PsychologistViewController.m in Sources */,
			);
			runOnlyForDeploymentPostprocessing = 0;
		};
/* End PBXSourcesBuildPhase section */

/* Begin PBXVariantGroup section */
		27D0C82C1387AD5F009519C3 /* InfoPlist.strings */ = {
			isa = PBXVariantGroup;
			children = (
				27D0C82D1387AD5F009519C3 /* en */,
			);
			name = InfoPlist.strings;
			sourceTree = "<group>";
		};
		27D0C8351387AD60009519C3 /* MainWindow.xib */ = {
			isa = PBXVariantGroup;
			children = (
				27D0C8361387AD60009519C3 /* en */,
			);
			name = MainWindow.xib;
			sourceTree = "<group>";
		};
/* End PBXVariantGroup section */

/* Begin XCBuildConfiguration section */
		27D0C8381387AD60009519C3 /* Debug */ = {
			isa = XCBuildConfiguration;
			buildSettings = {
				ARCHS = "$(ARCHS_STANDARD_32_BIT)";
				"CODE_SIGN_IDENTITY[sdk=iphoneos*]" = "iPhone Developer";
				GCC_C_LANGUAGE_STANDARD = gnu99;
				GCC_OPTIMIZATION_LEVEL = 0;
				GCC_PREPROCESSOR_DEFINITIONS = DEBUG;
				GCC_SYMBOLS_PRIVATE_EXTERN = NO;
				GCC_VERSION = com.apple.compilers.llvmgcc42;
				GCC_WARN_ABOUT_RETURN_TYPE = YES;
				GCC_WARN_UNUSED_VARIABLE = YES;
				IPHONEOS_DEPLOYMENT_TARGET = 4.3;
				SDKROOT = iphoneos;
			};
			name = Debug;
		};
		27D0C8391387AD60009519C3 /* Release */ = {
			isa = XCBuildConfiguration;
			buildSettings = {
				ARCHS = "$(ARCHS_STANDARD_32_BIT)";
				"CODE_SIGN_IDENTITY[sdk=iphoneos*]" = "iPhone Developer";
				GCC_C_LANGUAGE_STANDARD = gnu99;
				GCC_VERSION = com.apple.compilers.llvmgcc42;
				GCC_WARN_ABOUT_RETURN_TYPE = YES;
				GCC_WARN_UNUSED_VARIABLE = YES;
				IPHONEOS_DEPLOYMENT_TARGET = 4.3;
				OTHER_CFLAGS = "-DNS_BLOCK_ASSERTIONS=1";
				SDKROOT = iphoneos;
			};
			name = Release;
		};
		27D0C83B1387AD60009519C3 /* Debug */ = {
			isa = XCBuildConfiguration;
			buildSettings = {
				ALWAYS_SEARCH_USER_PATHS = NO;
				COPY_PHASE_STRIP = NO;
				GCC_DYNAMIC_NO_PIC = NO;
				GCC_PRECOMPILE_PREFIX_HEADER = YES;
				GCC_PREFIX_HEADER = "Psychologist/Psychologist-Prefix.pch";
				INFOPLIST_FILE = "Psychologist/Psychologist-Info.plist";
				PRODUCT_NAME = "$(TARGET_NAME)";
				WRAPPER_EXTENSION = app;
			};
			name = Debug;
		};
		27D0C83C1387AD60009519C3 /* Release */ = {
			isa = XCBuildConfiguration;
			buildSettings = {
				ALWAYS_SEARCH_USER_PATHS = NO;
				COPY_PHASE_STRIP = YES;
				GCC_PRECOMPILE_PREFIX_HEADER = YES;
				GCC_PREFIX_HEADER = "Psychologist/Psychologist-Prefix.pch";
				INFOPLIST_FILE = "Psychologist/Psychologist-Info.plist";
				PRODUCT_NAME = "$(TARGET_NAME)";
				VALIDATE_PRODUCT = YES;
				WRAPPER_EXTENSION = app;
			};
			name = Release;
		};
/* End XCBuildConfiguration section */

/* Begin XCConfigurationList section */
		27D0C8191387AD5F009519C3 /* Build configuration list for PBXProject "Psychologist" */ = {
			isa = XCConfigurationList;
			buildConfigurations = (
				27D0C8381387AD60009519C3 /* Debug */,
				27D0C8391387AD60009519C3 /* Release */,
			);
			defaultConfigurationIsVisible = 0;
			defaultConfigurationName = Release;
		};
		27D0C83A1387AD60009519C3 /* Build configuration list for PBXNativeTarget "Psychologist" */ = {
			isa = XCConfigurationList;
			buildConfigurations = (
				27D0C83B1387AD60009519C3 /* Debug */,
				27D0C83C1387AD60009519C3 /* Release */,
			);
			defaultConfigurationIsVisible = 0;
		};
/* End XCConfigurationList section */
	};
	rootObject = 27D0C8161387AD5F009519C3 /* Project object */;
}
